
Microsoft Visual Studio Solution File, Format Version 12.00
# Visual Studio 15
VisualStudioVersion = 15.0.26124.0
MinimumVisualStudioVersion = 15.0.26124.0
Project("{FAE04EC0-301F-11D3-BF4B-00C04F79EFBC}") = "GDataDB", "GDataDB\GDataDB.csproj", "{56A3649A-0E18-4059-BBD2-0FDB052C1CB6}"
EndProject
Project("{FAE04EC0-301F-11D3-BF4B-00C04F79EFBC}") = "GDataDB.Tests", "GDataDB.Tests\GDataDB.Tests.csproj", "{09847BCA-B6CE-495E-9E61-8C9F64AE1602}"
EndProject
Project("{FAE04EC0-301F-11D3-BF4B-00C04F79EFBC}") = "Sample", "Sample\Sample.csproj", "{12520893-0FD1-437A-ACA0-A1753738DB3E}"
EndProject
Global
	GlobalSection(SolutionConfigurationPlatforms) = preSolution
		Debug|Any CPU = Debug|Any CPU
		Debug|x64 = Debug|x64
		Debug|x86 = Debug|x86
		Release|Any CPU = Release|Any CPU
		Release|x64 = Release|x64
		Release|x86 = Release|x86
	EndGlobalSection
	GlobalSection(SolutionProperties) = preSolution
		HideSolutionNode = FALSE
	EndGlobalSection
	GlobalSection(ProjectConfigurationPlatforms) = postSolution
		{56A3649A-0E18-4059-BBD2-0FDB052C1CB6}.Debug|Any CPU.ActiveCfg = Debug|Any CPU
		{56A3649A-0E18-4059-BBD2-0FDB052C1CB6}.Debug|Any CPU.Build.0 = Debug|Any CPU
		{56A3649A-0E18-4059-BBD2-0FDB052C1CB6}.Debug|x64.ActiveCfg = Debug|Any CPU
		{56A3649A-0E18-4059-BBD2-0FDB052C1CB6}.Debug|x64.Build.0 = Debug|Any CPU
		{56A3649A-0E18-4059-BBD2-0FDB052C1CB6}.Debug|x86.ActiveCfg = Debug|Any CPU
		{56A3649A-0E18-4059-BBD2-0FDB052C1CB6}.Debug|x86.Build.0 = Debug|Any CPU
		{56A3649A-0E18-4059-BBD2-0FDB052C1CB6}.Release|Any CPU.ActiveCfg = Release|Any CPU
		{56A3649A-0E18-4059-BBD2-0FDB052C1CB6}.Release|Any CPU.Build.0 = Release|Any CPU
		{56A3649A-0E18-4059-BBD2-0FDB052C1CB6}.Release|x64.ActiveCfg = Release|Any CPU
		{56A3649A-0E18-4059-BBD2-0FDB052C1CB6}.Release|x64.Build.0 = Release|Any CPU
		{56A3649A-0E18-4059-BBD2-0FDB052C1CB6}.Release|x86.ActiveCfg = Release|Any CPU
		{56A3649A-0E18-4059-BBD2-0FDB052C1CB6}.Release|x86.Build.0 = Release|Any CPU
		{09847BCA-B6CE-495E-9E61-8C9F64AE1602}.Debug|Any CPU.ActiveCfg = Debug|Any CPU
		{09847BCA-B6CE-495E-9E61-8C9F64AE1602}.Debug|Any CPU.Build.0 = Debug|Any CPU
		{09847BCA-B6CE-495E-9E61-8C9F64AE1602}.Debug|x64.ActiveCfg = Debug|Any CPU
		{09847BCA-B6CE-495E-9E61-8C9F64AE1602}.Debug|x64.Build.0 = Debug|Any CPU
		{09847BCA-B6CE-495E-9E61-8C9F64AE1602}.Debug|x86.ActiveCfg = Debug|Any CPU
		{09847BCA-B6CE-495E-9E61-8C9F64AE1602}.Debug|x86.Build.0 = Debug|Any CPU
		{09847BCA-B6CE-495E-9E61-8C9F64AE1602}.Release|Any CPU.ActiveCfg = Release|Any CPU
		{09847BCA-B6CE-495E-9E61-8C9F64AE1602}.Release|Any CPU.Build.0 = Release|Any CPU
		{09847BCA-B6CE-495E-9E61-8C9F64AE1602}.Release|x64.ActiveCfg = Release|Any CPU
		{09847BCA-B6CE-495E-9E61-8C9F64AE1602}.Release|x64.Build.0 = Release|Any CPU
		{09847BCA-B6CE-495E-9E61-8C9F64AE1602}.Release|x86.ActiveCfg = Release|Any CPU
		{09847BCA-B6CE-495E-9E61-8C9F64AE1602}.Release|x86.Build.0 = Release|Any CPU
		{12520893-0FD1-437A-ACA0-A1753738DB3E}.Debug|Any CPU.ActiveCfg = Debug|Any CPU
		{12520893-0FD1-437A-ACA0-A1753738DB3E}.Debug|Any CPU.Build.0 = Debug|Any CPU
		{12520893-0FD1-437A-ACA0-A1753738DB3E}.Debug|x64.ActiveCfg = Debug|Any CPU
		{12520893-0FD1-437A-ACA0-A1753738DB3E}.Debug|x64.Build.0 = Debug|Any CPU
		{12520893-0FD1-437A-ACA0-A1753738DB3E}.Debug|x86.ActiveCfg = Debug|Any CPU
		{12520893-0FD1-437A-ACA0-A1753738DB3E}.Debug|x86.Build.0 = Debug|Any CPU
		{12520893-0FD1-437A-ACA0-A1753738DB3E}.Release|Any CPU.ActiveCfg = Release|Any CPU
		{12520893-0FD1-437A-ACA0-A1753738DB3E}.Release|Any CPU.Build.0 = Release|Any CPU
		{12520893-0FD1-437A-ACA0-A1753738DB3E}.Release|x64.ActiveCfg = Release|Any CPU
		{12520893-0FD1-437A-ACA0-A1753738DB3E}.Release|x64.Build.0 = Release|Any CPU
		{12520893-0FD1-437A-ACA0-A1753738DB3E}.Release|x86.ActiveCfg = Release|Any CPU
		{12520893-0FD1-437A-ACA0-A1753738DB3E}.Release|x86.Build.0 = Release|Any CPU
	EndGlobalSection
EndGlobal
